
Microsoft Visual Studio Solution File, Format Version 12.00
Project("{2150E333-8FDC-42A3-9474-1A3956D46DE8}") = "src", "src", "{80899ADB-9430-48B8-979E-96FBDE04CC1F}"
EndProject
Project("{2150E333-8FDC-42A3-9474-1A3956D46DE8}") = "Articles", "Articles", "{73F54FDF-356A-4ABD-AB62-5320A41EBE3A}"
EndProject
Project("{2150E333-8FDC-42A3-9474-1A3956D46DE8}") = "Application", "Application", "{E059CDE5-9FC4-4D4D-BB76-31B706D60D96}"
EndProject
Project("{2150E333-8FDC-42A3-9474-1A3956D46DE8}") = "Domain", "Domain", "{3EA5B88F-F369-4B23-95A8-CF280A6CC71F}"
EndProject
Project("{2150E333-8FDC-42A3-9474-1A3956D46DE8}") = "Contracts", "Contracts", "{92581C81-AF32-4C44-9D2E-7E39D4E36CC4}"
EndProject
Project("{2150E333-8FDC-42A3-9474-1A3956D46DE8}") = "Infrastructure", "Infrastructure", "{F4A23CBD-95DC-422A-A9AB-56E29C7E4F9E}"
EndProject
Project("{2150E333-8FDC-42A3-9474-1A3956D46DE8}") = "Hosts", "Hosts", "{C19C4FDB-CF5C-4D31-A487-110E93E96A86}"
EndProject
Project("{FAE04EC0-301F-11D3-BF4B-00C04F79EFBC}") = "Articles.AppServices", "src\Articles\Application\Articles.AppServices\Articles.AppServices.csproj", "{CFC1C3A3-A608-43F9-99DE-55A6180D6E87}"
EndProject
Project("{FAE04EC0-301F-11D3-BF4B-00C04F79EFBC}") = "Articles.Contracts", "src\Articles\Contracts\Articles.Contracts\Articles.Contracts.csproj", "{4AB0BAF4-BCF8-49B8-8C56-65EFDCFE15D1}"
EndProject
Project("{FAE04EC0-301F-11D3-BF4B-00C04F79EFBC}") = "Articles.Domain", "src\Articles\Domain\Articles.Domain\Articles.Domain.csproj", "{00B45DA0-429A-42CA-AC80-30D32808838A}"
EndProject
Project("{FAE04EC0-301F-11D3-BF4B-00C04F79EFBC}") = "Articles.Hosts.Api", "src\Articles\Hosts\Articles.Hosts.Api\Articles.Hosts.Api.csproj", "{4B0669F1-0A91-4628-BBB3-3D27E3945C24}"
EndProject
Project("{FAE04EC0-301F-11D3-BF4B-00C04F79EFBC}") = "Articles.Infrastructure.DataAccess", "src\Articles\Infrastructure\Articles.Infrastructure.DataAccess\Articles.Infrastructure.DataAccess.csproj", "{AA6F9AE9-213A-41E2-9E26-505DE94C4AB6}"
EndProject
Project("{FAE04EC0-301F-11D3-BF4B-00C04F79EFBC}") = "Articles.Infrastructure.ComponentRegister", "src\Articles\Infrastructure\Articles.Infrastructure.ComponentRegister\Articles.Infrastructure.ComponentRegister.csproj", "{A19F2830-4CAC-4261-AA79-F8959C4E4E21}"
EndProject
Project("{FAE04EC0-301F-11D3-BF4B-00C04F79EFBC}") = "Articles.Infrastructure", "src\Articles\Infrastructure\Articles.Infrastructure\Articles.Infrastructure.csproj", "{F47B7021-1AC8-4A4C-A143-7E4C11E689C2}"
EndProject
Global
	GlobalSection(SolutionConfigurationPlatforms) = preSolution
		Debug|Any CPU = Debug|Any CPU
		Release|Any CPU = Release|Any CPU
	EndGlobalSection
	GlobalSection(NestedProjects) = preSolution
		{73F54FDF-356A-4ABD-AB62-5320A41EBE3A} = {80899ADB-9430-48B8-979E-96FBDE04CC1F}
		{E059CDE5-9FC4-4D4D-BB76-31B706D60D96} = {73F54FDF-356A-4ABD-AB62-5320A41EBE3A}
		{3EA5B88F-F369-4B23-95A8-CF280A6CC71F} = {73F54FDF-356A-4ABD-AB62-5320A41EBE3A}
		{92581C81-AF32-4C44-9D2E-7E39D4E36CC4} = {73F54FDF-356A-4ABD-AB62-5320A41EBE3A}
		{F4A23CBD-95DC-422A-A9AB-56E29C7E4F9E} = {73F54FDF-356A-4ABD-AB62-5320A41EBE3A}
		{C19C4FDB-CF5C-4D31-A487-110E93E96A86} = {73F54FDF-356A-4ABD-AB62-5320A41EBE3A}
		{CFC1C3A3-A608-43F9-99DE-55A6180D6E87} = {E059CDE5-9FC4-4D4D-BB76-31B706D60D96}
		{4AB0BAF4-BCF8-49B8-8C56-65EFDCFE15D1} = {92581C81-AF32-4C44-9D2E-7E39D4E36CC4}
		{00B45DA0-429A-42CA-AC80-30D32808838A} = {3EA5B88F-F369-4B23-95A8-CF280A6CC71F}
		{4B0669F1-0A91-4628-BBB3-3D27E3945C24} = {C19C4FDB-CF5C-4D31-A487-110E93E96A86}
		{AA6F9AE9-213A-41E2-9E26-505DE94C4AB6} = {F4A23CBD-95DC-422A-A9AB-56E29C7E4F9E}
		{A19F2830-4CAC-4261-AA79-F8959C4E4E21} = {F4A23CBD-95DC-422A-A9AB-56E29C7E4F9E}
		{F47B7021-1AC8-4A4C-A143-7E4C11E689C2} = {F4A23CBD-95DC-422A-A9AB-56E29C7E4F9E}
	EndGlobalSection
	GlobalSection(ProjectConfigurationPlatforms) = postSolution
		{CFC1C3A3-A608-43F9-99DE-55A6180D6E87}.Debug|Any CPU.ActiveCfg = Debug|Any CPU
		{CFC1C3A3-A608-43F9-99DE-55A6180D6E87}.Debug|Any CPU.Build.0 = Debug|Any CPU
		{CFC1C3A3-A608-43F9-99DE-55A6180D6E87}.Release|Any CPU.ActiveCfg = Release|Any CPU
		{CFC1C3A3-A608-43F9-99DE-55A6180D6E87}.Release|Any CPU.Build.0 = Release|Any CPU
		{4AB0BAF4-BCF8-49B8-8C56-65EFDCFE15D1}.Debug|Any CPU.ActiveCfg = Debug|Any CPU
		{4AB0BAF4-BCF8-49B8-8C56-65EFDCFE15D1}.Debug|Any CPU.Build.0 = Debug|Any CPU
		{4AB0BAF4-BCF8-49B8-8C56-65EFDCFE15D1}.Release|Any CPU.ActiveCfg = Release|Any CPU
		{4AB0BAF4-BCF8-49B8-8C56-65EFDCFE15D1}.Release|Any CPU.Build.0 = Release|Any CPU
		{00B45DA0-429A-42CA-AC80-30D32808838A}.Debug|Any CPU.ActiveCfg = Debug|Any CPU
		{00B45DA0-429A-42CA-AC80-30D32808838A}.Debug|Any CPU.Build.0 = Debug|Any CPU
		{00B45DA0-429A-42CA-AC80-30D32808838A}.Release|Any CPU.ActiveCfg = Release|Any CPU
		{00B45DA0-429A-42CA-AC80-30D32808838A}.Release|Any CPU.Build.0 = Release|Any CPU
		{4B0669F1-0A91-4628-BBB3-3D27E3945C24}.Debug|Any CPU.ActiveCfg = Debug|Any CPU
		{4B0669F1-0A91-4628-BBB3-3D27E3945C24}.Debug|Any CPU.Build.0 = Debug|Any CPU
		{4B0669F1-0A91-4628-BBB3-3D27E3945C24}.Release|Any CPU.ActiveCfg = Release|Any CPU
		{4B0669F1-0A91-4628-BBB3-3D27E3945C24}.Release|Any CPU.Build.0 = Release|Any CPU
		{AA6F9AE9-213A-41E2-9E26-505DE94C4AB6}.Debug|Any CPU.ActiveCfg = Debug|Any CPU
		{AA6F9AE9-213A-41E2-9E26-505DE94C4AB6}.Debug|Any CPU.Build.0 = Debug|Any CPU
		{AA6F9AE9-213A-41E2-9E26-505DE94C4AB6}.Release|Any CPU.ActiveCfg = Release|Any CPU
		{AA6F9AE9-213A-41E2-9E26-505DE94C4AB6}.Release|Any CPU.Build.0 = Release|Any CPU
		{A19F2830-4CAC-4261-AA79-F8959C4E4E21}.Debug|Any CPU.ActiveCfg = Debug|Any CPU
		{A19F2830-4CAC-4261-AA79-F8959C4E4E21}.Debug|Any CPU.Build.0 = Debug|Any CPU
		{A19F2830-4CAC-4261-AA79-F8959C4E4E21}.Release|Any CPU.ActiveCfg = Release|Any CPU
		{A19F2830-4CAC-4261-AA79-F8959C4E4E21}.Release|Any CPU.Build.0 = Release|Any CPU
		{F47B7021-1AC8-4A4C-A143-7E4C11E689C2}.Debug|Any CPU.ActiveCfg = Debug|Any CPU
		{F47B7021-1AC8-4A4C-A143-7E4C11E689C2}.Debug|Any CPU.Build.0 = Debug|Any CPU
		{F47B7021-1AC8-4A4C-A143-7E4C11E689C2}.Release|Any CPU.ActiveCfg = Release|Any CPU
		{F47B7021-1AC8-4A4C-A143-7E4C11E689C2}.Release|Any CPU.Build.0 = Release|Any CPU
	EndGlobalSection
EndGlobal
